version = 1
requires-python = ">=3.13"

[[package]]
name = "addglyph"
version = "3.0"
source = { virtual = "." }
dependencies = [
    { name = "fonttools", extra = ["repacker"] },
]

[package.dev-dependencies]
build = [
    { name = "pyinstaller" },
]

[package.metadata]
requires-dist = [{ name = "fonttools", extras = ["repacker"], specifier = "==4.55.8" }]

[package.metadata.requires-dev]
build = [{ name = "pyinstaller", specifier = ">=6.11.1" }]

[[package]]
name = "altgraph"
version = "0.17.4"
source = { registry = "https://pypi.org/simple" }
sdist = { url = "https://files.pythonhosted.org/packages/de/a8/7145824cf0b9e3c28046520480f207df47e927df83aa9555fb47f8505922/altgraph-0.17.4.tar.gz", hash = "sha256:1b5afbb98f6c4dcadb2e2ae6ab9fa994bbb8c1d75f4fa96d340f9437ae454406", size = 48418 }
wheels = [
    { url = "https://files.pythonhosted.org/packages/4d/3f/3bc3f1d83f6e4a7fcb834d3720544ca597590425be5ba9db032b2bf322a2/altgraph-0.17.4-py2.py3-none-any.whl", hash = "sha256:642743b4750de17e655e6711601b077bc6598dbfa3ba5fa2b2a35ce12b508dff", size = 21212 },
]

[[package]]
name = "fonttools"
version = "4.55.8"
source = { registry = "https://pypi.org/simple" }
sdist = { url = "https://files.pythonhosted.org/packages/f1/24/de7e40adc99be2aa5adc6321bbdf3cf58dbe751b87343da658dd3fc7d946/fonttools-4.55.8.tar.gz", hash = "sha256:54d481d456dcd59af25d4a9c56b2c4c3f20e9620b261b84144e5950f33e8df17", size = 3458915 }
wheels = [
    { url = "https://files.pythonhosted.org/packages/87/fe/02a377477c5c95cb118ce8b7501d868e79fce310681a536bd1099bde6874/fonttools-4.55.8-cp313-cp313-macosx_10_13_universal2.whl", hash = "sha256:332883b6280b9d90d2ba7e9e81be77cf2ace696161e60cdcf40cfcd2b3ed06fa", size = 2735213 },
    { url = "https://files.pythonhosted.org/packages/58/e4/a839f867e636419d7e5ca426a470df575bf7b20cc780862d6f64caee405c/fonttools-4.55.8-cp313-cp313-macosx_10_13_x86_64.whl", hash = "sha256:6b8d7c149d47b47de7ec81763396c8266e5ebe2e0b14aa9c3ccf29e52260ab2f", size = 2272614 },
    { url = "https://files.pythonhosted.org/packages/31/c0/085d1fb2cff1589e038a67579660e16cdc0ea0ffe839a849879af43f6b1a/fonttools-4.55.8-cp313-cp313-manylinux_2_17_aarch64.manylinux2014_aarch64.whl", hash = "sha256:4dfae7c94987149bdaa0388e6c937566aa398fa0eec973b17952350a069cff4e", size = 4762524 },
    { url = "https://files.pythonhosted.org/packages/b3/75/00670fa832e2986f9c6bfbd029f0a1e90a14333f0a6c02632284e9c1baa0/fonttools-4.55.8-cp313-cp313-manylinux_2_5_x86_64.manylinux1_x86_64.manylinux_2_17_x86_64.manylinux2014_x86_64.whl", hash = "sha256:a0fe12f06169af2fdc642d26a8df53e40adc3beedbd6ffedb19f1c5397b63afd", size = 4834537 },
    { url = "https://files.pythonhosted.org/packages/f4/a5/0fd300cdd1f9ab09857ba016a7acb9eff2fb3695109eb44d93ee28389a41/fonttools-4.55.8-cp313-cp313-musllinux_1_2_aarch64.whl", hash = "sha256:f971aa5f50c22dc4b63a891503624ae2c77330429b34ead32f23c2260c5618cd", size = 4742903 },
    { url = "https://files.pythonhosted.org/packages/59/e8/bb8da5e52802333e9ef23112583f9c24279f6cf720b005434f21f0e063fb/fonttools-4.55.8-cp313-cp313-musllinux_1_2_x86_64.whl", hash = "sha256:708cb17b2590b7f6c6854999df0039ff1140dda9e6f56d67c3599ba6f968fab5", size = 4963841 },
    { url = "https://files.pythonhosted.org/packages/74/2b/e8268cfddb35d1ad964fcfe12d105ae4a7112b89fa098681dce110a97f9f/fonttools-4.55.8-cp313-cp313-win32.whl", hash = "sha256:cfe9cf30f391a0f2875247a3e5e44d8dcb61596e5cf89b360cdffec8a80e9961", size = 2141024 },
    { url = "https://files.pythonhosted.org/packages/b8/f9/3c69478a63250ad015a9ff1a75cd72d00aed0c26c188bd838ad5b67f7c83/fonttools-4.55.8-cp313-cp313-win_amd64.whl", hash = "sha256:1e10efc8ee10d6f1fe2931d41bccc90cd4b872f2ee4ff21f2231a2c293b2dbf8", size = 2186823 },
    { url = "https://files.pythonhosted.org/packages/cc/e6/efdcd5d6858b951c29d56de31a19355579d826712bf390d964a21b076ddb/fonttools-4.55.8-py3-none-any.whl", hash = "sha256:07636dae94f7fe88561f9da7a46b13d8e3f529f87fdb221b11d85f91eabceeb7", size = 1089900 },
]

[package.optional-dependencies]
repacker = [
    { name = "uharfbuzz" },
]

[[package]]
name = "macholib"
version = "1.16.3"
source = { registry = "https://pypi.org/simple" }
dependencies = [
    { name = "altgraph" },
]
sdist = { url = "https://files.pythonhosted.org/packages/95/ee/af1a3842bdd5902ce133bd246eb7ffd4375c38642aeb5dc0ae3a0329dfa2/macholib-1.16.3.tar.gz", hash = "sha256:07ae9e15e8e4cd9a788013d81f5908b3609aa76f9b1421bae9c4d7606ec86a30", size = 59309 }
wheels = [
    { url = "https://files.pythonhosted.org/packages/d1/5d/c059c180c84f7962db0aeae7c3b9303ed1d73d76f2bfbc32bc231c8be314/macholib-1.16.3-py2.py3-none-any.whl", hash = "sha256:0e315d7583d38b8c77e815b1ecbdbf504a8258d8b3e17b61165c6feb60d18f2c", size = 38094 },
]

[[package]]
name = "packaging"
version = "24.2"
source = { registry = "https://pypi.org/simple" }
sdist = { url = "https://files.pythonhosted.org/packages/d0/63/68dbb6eb2de9cb10ee4c9c14a0148804425e13c4fb20d61cce69f53106da/packaging-24.2.tar.gz", hash = "sha256:c228a6dc5e932d346bc5739379109d49e8853dd8223571c7c5b55260edc0b97f", size = 163950 }
wheels = [
    { url = "https://files.pythonhosted.org/packages/88/ef/eb23f262cca3c0c4eb7ab1933c3b1f03d021f2c48f54763065b6f0e321be/packaging-24.2-py3-none-any.whl", hash = "sha256:09abb1bccd265c01f4a3aa3f7a7db064b36514d2cba19a2f694fe6150451a759", size = 65451 },
]

[[package]]
name = "pefile"
version = "2023.2.7"
source = { registry = "https://pypi.org/simple" }
sdist = { url = "https://files.pythonhosted.org/packages/78/c5/3b3c62223f72e2360737fd2a57c30e5b2adecd85e70276879609a7403334/pefile-2023.2.7.tar.gz", hash = "sha256:82e6114004b3d6911c77c3953e3838654b04511b8b66e8583db70c65998017dc", size = 74854 }
wheels = [
    { url = "https://files.pythonhosted.org/packages/55/26/d0ad8b448476d0a1e8d3ea5622dc77b916db84c6aa3cb1e1c0965af948fc/pefile-2023.2.7-py3-none-any.whl", hash = "sha256:da185cd2af68c08a6cd4481f7325ed600a88f6a813bad9dea07ab3ef73d8d8d6", size = 71791 },
]

[[package]]
name = "pyinstaller"
version = "6.11.1"
source = { registry = "https://pypi.org/simple" }
dependencies = [
    { name = "altgraph" },
    { name = "macholib", marker = "sys_platform == 'darwin'" },
    { name = "packaging" },
    { name = "pefile", marker = "sys_platform == 'win32'" },
    { name = "pyinstaller-hooks-contrib" },
    { name = "pywin32-ctypes", marker = "sys_platform == 'win32'" },
    { name = "setuptools" },
]
sdist = { url = "https://files.pythonhosted.org/packages/55/d4/54f5f5c73b803e6256ea97ffc6ba8a305d9a5f57f85f9b00b282512bf18a/pyinstaller-6.11.1.tar.gz", hash = "sha256:491dfb4d9d5d1d9650d9507daec1ff6829527a254d8e396badd60a0affcb72ef", size = 4249772 }
wheels = [
    { url = "https://files.pythonhosted.org/packages/96/15/b0f1c0985ee32fcd2f6ad9a486ef94e4db3fef9af025a3655e76cb708009/pyinstaller-6.11.1-py3-none-macosx_10_13_universal2.whl", hash = "sha256:44e36172de326af6d4e7663b12f71dbd34e2e3e02233e181e457394423daaf03", size = 991780 },
    { url = "https://files.pythonhosted.org/packages/fd/0f/9f54cb18abe2b1d89051bc9214c0cb40d7b5f4049c151c315dacc067f4a2/pyinstaller-6.11.1-py3-none-manylinux2014_aarch64.whl", hash = "sha256:6d12c45a29add78039066a53fb05967afaa09a672426072b13816fe7676abfc4", size = 711739 },
    { url = "https://files.pythonhosted.org/packages/32/f7/79d10830780eff8339bfa793eece1df4b2459e35a712fc81983e8536cc29/pyinstaller-6.11.1-py3-none-manylinux2014_i686.whl", hash = "sha256:ddc0fddd75f07f7e423da1f0822e389a42af011f9589e0269b87e0d89aa48c1f", size = 714053 },
    { url = "https://files.pythonhosted.org/packages/25/f7/9961ef02cdbd2dbb1b1a215292656bd0ea72a83aafd8fb6373513849711e/pyinstaller-6.11.1-py3-none-manylinux2014_ppc64le.whl", hash = "sha256:0d6475559c4939f0735122989611d7f739ed3bf02f666ce31022928f7a7e4fda", size = 719133 },
    { url = "https://files.pythonhosted.org/packages/6f/4d/7f854842a1ce798de762a0b0bc5d5a4fc26ad06164a98575dc3c54abed1f/pyinstaller-6.11.1-py3-none-manylinux2014_s390x.whl", hash = "sha256:e21c7806e34f40181e7606926a14579f848bfb1dc52cbca7eea66eccccbfe977", size = 709591 },
    { url = "https://files.pythonhosted.org/packages/7f/e0/00d29fc90c3ba50620c61554e26ebb4d764569507be7cd1c8794aa696f9a/pyinstaller-6.11.1-py3-none-manylinux2014_x86_64.whl", hash = "sha256:32c742a24fe65d0702958fadf4040f76de85859c26bec0008766e5dbabc5b68f", size = 710068 },
    { url = "https://files.pythonhosted.org/packages/3e/57/d14b44a69f068d2caaee49d15e45f9fa0f37c6a2d2ad778c953c1722a1ca/pyinstaller-6.11.1-py3-none-musllinux_1_1_aarch64.whl", hash = "sha256:208c0ef6dab0837a0a273ea32d1a3619a208e3d1fe3fec3785eea71a77fd00ce", size = 714439 },
    { url = "https://files.pythonhosted.org/packages/88/01/256824bb57ca208099c86c2fb289f888ca7732580e91ced48fa14e5903b2/pyinstaller-6.11.1-py3-none-musllinux_1_1_x86_64.whl", hash = "sha256:ad84abf465bcda363c1d54eafa76745d77b6a8a713778348377dc98d12a452f7", size = 710457 },
    { url = "https://files.pythonhosted.org/packages/7c/f0/98c9138f5f0ff17462f1ad6d712dcfa643b9a283d6238d464d8145bc139d/pyinstaller-6.11.1-py3-none-win32.whl", hash = "sha256:2e8365276c5131c9bef98e358fbc305e4022db8bedc9df479629d6414021956a", size = 1280261 },
    { url = "https://files.pythonhosted.org/packages/7d/08/f43080614b3e8bce481d4dfd580e579497c7dcdaf87656d9d2ad912e5796/pyinstaller-6.11.1-py3-none-win_amd64.whl", hash = "sha256:7ac83c0dc0e04357dab98c487e74ad2adb30e7eb186b58157a8faf46f1fa796f", size = 1340482 },
    { url = "https://files.pythonhosted.org/packages/ed/56/953c6594cb66e249563854c9cc04ac5a055c6c99d1614298feeaeaa9b87e/pyinstaller-6.11.1-py3-none-win_arm64.whl", hash = "sha256:35e6b8077d240600bb309ed68bb0b1453fd2b7ab740b66d000db7abae6244423", size = 1267519 },
]

[[package]]
name = "pyinstaller-hooks-contrib"
version = "2025.1"
source = { registry = "https://pypi.org/simple" }
dependencies = [
    { name = "packaging" },
    { name = "setuptools" },
]
sdist = { url = "https://files.pythonhosted.org/packages/2f/1b/dc256d42f4217db99b50d6d32dbbf841a41b9615506cde77d2345d94f4a5/pyinstaller_hooks_contrib-2025.1.tar.gz", hash = "sha256:130818f9e9a0a7f2261f1fd66054966a3a50c99d000981c5d1db11d3ad0c6ab2", size = 147043 }
wheels = [
    { url = "https://files.pythonhosted.org/packages/b7/48/833d67a585275e395f351e5787b4b7a8d462d87bca22a8c038f6ffdc2b3c/pyinstaller_hooks_contrib-2025.1-py3-none-any.whl", hash = "sha256:d3c799470cbc0bda60dcc8e6b4ab976777532b77621337f2037f558905e3a8e9", size = 346409 },
]

[[package]]
name = "pywin32-ctypes"
version = "0.2.3"
source = { registry = "https://pypi.org/simple" }
sdist = { url = "https://files.pythonhosted.org/packages/85/9f/01a1a99704853cb63f253eea009390c88e7131c67e66a0a02099a8c917cb/pywin32-ctypes-0.2.3.tar.gz", hash = "sha256:d162dc04946d704503b2edc4d55f3dba5c1d539ead017afa00142c38b9885755", size = 29471 }
wheels = [
    { url = "https://files.pythonhosted.org/packages/de/3d/8161f7711c017e01ac9f008dfddd9410dff3674334c233bde66e7ba65bbf/pywin32_ctypes-0.2.3-py3-none-any.whl", hash = "sha256:8a1513379d709975552d202d942d9837758905c8d01eb82b8bcc30918929e7b8", size = 30756 },
]

[[package]]
name = "setuptools"
version = "75.8.0"
source = { registry = "https://pypi.org/simple" }
sdist = { url = "https://files.pythonhosted.org/packages/92/ec/089608b791d210aec4e7f97488e67ab0d33add3efccb83a056cbafe3a2a6/setuptools-75.8.0.tar.gz", hash = "sha256:c5afc8f407c626b8313a86e10311dd3f661c6cd9c09d4bf8c15c0e11f9f2b0e6", size = 1343222 }
wheels = [
    { url = "https://files.pythonhosted.org/packages/69/8a/b9dc7678803429e4a3bc9ba462fa3dd9066824d3c607490235c6a796be5a/setuptools-75.8.0-py3-none-any.whl", hash = "sha256:e3982f444617239225d675215d51f6ba05f845d4eec313da4418fdbb56fb27e3", size = 1228782 },
]

[[package]]
name = "uharfbuzz"
version = "0.45.0"
source = { registry = "https://pypi.org/simple" }
sdist = { url = "https://files.pythonhosted.org/packages/28/af/bbf0f0bf78f3d6a81fd97c7a5b90aa4172d4dbc8560a5db467ef511b09b0/uharfbuzz-0.45.0.tar.gz", hash = "sha256:3ac2a9a03682f908fad471e0b80f6ba8de5427a971dbbfb82d77990edf2834a6", size = 1550372 }
wheels = [
    { url = "https://files.pythonhosted.org/packages/cd/0a/9dd22065e1d35bf63847fdc3f6244a902d64b46601bc50066af5e25fb6ab/uharfbuzz-0.45.0-cp313-cp313-macosx_10_13_universal2.whl", hash = "sha256:1c2a8a7938d2104617f22d629071c4b63ed2aa0af64f66b338d457af889669a9", size = 2690799 },
    { url = "https://files.pythonhosted.org/packages/7c/53/d91b82bfff8c5cb9d0deeb01a04ec57510d1e5690f409d5ca75f70f461ac/uharfbuzz-0.45.0-cp313-cp313-macosx_10_13_x86_64.whl", hash = "sha256:6bf4a605ad1b0d8b9d2ed90baa9acef25432520f2d83cad71793ee3c6d38231e", size = 1399832 },
    { url = "https://files.pythonhosted.org/packages/24/8c/f24344d4c597cf8bf95da00a07ae7db4fe0805b9667398be6cb1b33d38f0/uharfbuzz-0.45.0-cp313-cp313-macosx_11_0_arm64.whl", hash = "sha256:9f8c12ecc305c8ef338aa65dfefbc035748b125740923811beb971b0fdf762b9", size = 1298757 },
    { url = "https://files.pythonhosted.org/packages/91/d2/96bc4db41100a4aad2c35435e59947bfaddfad85f2f958de0d9a033b462e/uharfbuzz-0.45.0-cp313-cp313-manylinux_2_17_x86_64.manylinux2014_x86_64.whl", hash = "sha256:66e969573048b74c8eb572e1ab41cb75bdacc036d08efdea35aa7861c5ca7be3", size = 13170170 },
    { url = "https://files.pythonhosted.org/packages/38/b2/62a85e75995fe2fc9e7320b4ca225bc063d7526f224480b905948ab20862/uharfbuzz-0.45.0-cp313-cp313-musllinux_1_2_x86_64.whl", hash = "sha256:3ac86032615a97f8938809ad188b6e68ae9fe673c763cf936c13fba3df7bc13b", size = 13805616 },
    { url = "https://files.pythonhosted.org/packages/40/e6/235511ee0c2ae39482d28438bffa1cc58078477c6af8dabb1772ab5410e9/uharfbuzz-0.45.0-cp313-cp313-win32.whl", hash = "sha256:a77e1da3610349d71708cbbb51f3f504430dacd446532958be808b8b4e526b18", size = 920246 },
    { url = "https://files.pythonhosted.org/packages/33/86/3358ed6c555a3541535aba79d3ce0d5dd2ea209754fa5309908bd40ceaac/uharfbuzz-0.45.0-cp313-cp313-win_amd64.whl", hash = "sha256:75d4bb580c1603252573e3915a10949114aabf98f4ae357d35bfd5dfaedadf4f", size = 1154585 },
]
